// !$*UTF8*$!
{
	archiveVersion = 1;
	classes = {
	};
	objectVersion = 48;
	objects = {

/* Begin PBXBuildFile section */
		6574913CD87F27419009C676 /* Pods_GlobalLogic.framework in Frameworks */ = {isa = PBXBuildFile; fileRef = 98F33E0837AA85701F14E5CC /* Pods_GlobalLogic.framework */; };
		8CCEC947205D81E000F1E469 /* AppDelegate.swift in Sources */ = {isa = PBXBuildFile; fileRef = 8CCEC946205D81E000F1E469 /* AppDelegate.swift */; };
		8CCEC94C205D81E000F1E469 /* Main.storyboard in Resources */ = {isa = PBXBuildFile; fileRef = 8CCEC94A205D81E000F1E469 /* Main.storyboard */; };
		8CCEC94E205D81E000F1E469 /* Assets.xcassets in Resources */ = {isa = PBXBuildFile; fileRef = 8CCEC94D205D81E000F1E469 /* Assets.xcassets */; };
		8CCEC951205D81E000F1E469 /* LaunchScreen.storyboard in Resources */ = {isa = PBXBuildFile; fileRef = 8CCEC94F205D81E000F1E469 /* LaunchScreen.storyboard */; };
		8CCEC95A205D838300F1E469 /* DataModel.swift in Sources */ = {isa = PBXBuildFile; fileRef = 8CCEC959205D838300F1E469 /* DataModel.swift */; };
		8CCEC95E205D843B00F1E469 /* RestAPI.swift in Sources */ = {isa = PBXBuildFile; fileRef = 8CCEC95D205D843B00F1E469 /* RestAPI.swift */; };
		8CCEC960205D844C00F1E469 /* Utils.swift in Sources */ = {isa = PBXBuildFile; fileRef = 8CCEC95F205D844C00F1E469 /* Utils.swift */; };
		8CCEC964205DD16000F1E469 /* HomeViewController.swift in Sources */ = {isa = PBXBuildFile; fileRef = 8CCEC963205DD16000F1E469 /* HomeViewController.swift */; };
		8CE5B53B205DD52D00F7DE2F /* CellTableViewCell.swift in Sources */ = {isa = PBXBuildFile; fileRef = 8CE5B53A205DD52D00F7DE2F /* CellTableViewCell.swift */; };
		8CE5B53E205DDA1800F7DE2F /* DetailViewController.swift in Sources */ = {isa = PBXBuildFile; fileRef = 8CE5B53D205DDA1800F7DE2F /* DetailViewController.swift */; };
/* End PBXBuildFile section */

/* Begin PBXFileReference section */
		2AF8C136FE2E12C14F675D97 /* Pods-GlobalLogic.release.xcconfig */ = {isa = PBXFileReference; includeInIndex = 1; lastKnownFileType = text.xcconfig; name = "Pods-GlobalLogic.release.xcconfig"; path = "Pods/Target Support Files/Pods-GlobalLogic/Pods-GlobalLogic.release.xcconfig"; sourceTree = "<group>"; };
		8CCEC943205D81E000F1E469 /* GlobalLogic.app */ = {isa = PBXFileReference; explicitFileType = wrapper.application; includeInIndex = 0; path = GlobalLogic.app; sourceTree = BUILT_PRODUCTS_DIR; };
		8CCEC946205D81E000F1E469 /* AppDelegate.swift */ = {isa = PBXFileReference; lastKnownFileType = sourcecode.swift; path = AppDelegate.swift; sourceTree = "<group>"; };
		8CCEC94B205D81E000F1E469 /* Base */ = {isa = PBXFileReference; lastKnownFileType = file.storyboard; name = Base; path = Base.lproj/Main.storyboard; sourceTree = "<group>"; };
		8CCEC94D205D81E000F1E469 /* Assets.xcassets */ = {isa = PBXFileReference; lastKnownFileType = folder.assetcatalog; path = Assets.xcassets; sourceTree = "<group>"; };
		8CCEC950205D81E000F1E469 /* Base */ = {isa = PBXFileReference; lastKnownFileType = file.storyboard; name = Base; path = Base.lproj/LaunchScreen.storyboard; sourceTree = "<group>"; };
		8CCEC952205D81E000F1E469 /* Info.plist */ = {isa = PBXFileReference; lastKnownFileType = text.plist.xml; path = Info.plist; sourceTree = "<group>"; };
		8CCEC959205D838300F1E469 /* DataModel.swift */ = {isa = PBXFileReference; lastKnownFileType = sourcecode.swift; path = DataModel.swift; sourceTree = "<group>"; };
		8CCEC95D205D843B00F1E469 /* RestAPI.swift */ = {isa = PBXFileReference; lastKnownFileType = sourcecode.swift; path = RestAPI.swift; sourceTree = "<group>"; };
		8CCEC95F205D844C00F1E469 /* Utils.swift */ = {isa = PBXFileReference; lastKnownFileType = sourcecode.swift; path = Utils.swift; sourceTree = "<group>"; };
		8CCEC963205DD16000F1E469 /* HomeViewController.swift */ = {isa = PBXFileReference; lastKnownFileType = sourcecode.swift; path = HomeViewController.swift; sourceTree = "<group>"; };
		8CE5B53A205DD52D00F7DE2F /* CellTableViewCell.swift */ = {isa = PBXFileReference; lastKnownFileType = sourcecode.swift; path = CellTableViewCell.swift; sourceTree = "<group>"; };
		8CE5B53D205DDA1800F7DE2F /* DetailViewController.swift */ = {isa = PBXFileReference; lastKnownFileType = sourcecode.swift; path = DetailViewController.swift; sourceTree = "<group>"; };
		9342FC38106A79BE5FA282FD /* Pods-GlobalLogic.debug.xcconfig */ = {isa = PBXFileReference; includeInIndex = 1; lastKnownFileType = text.xcconfig; name = "Pods-GlobalLogic.debug.xcconfig"; path = "Pods/Target Support Files/Pods-GlobalLogic/Pods-GlobalLogic.debug.xcconfig"; sourceTree = "<group>"; };
		98F33E0837AA85701F14E5CC /* Pods_GlobalLogic.framework */ = {isa = PBXFileReference; explicitFileType = wrapper.framework; includeInIndex = 0; path = Pods_GlobalLogic.framework; sourceTree = BUILT_PRODUCTS_DIR; };
/* End PBXFileReference section */

/* Begin PBXFrameworksBuildPhase section */
		8CCEC940205D81E000F1E469 /* Frameworks */ = {
			isa = PBXFrameworksBuildPhase;
			buildActionMask = 2147483647;
			files = (
				6574913CD87F27419009C676 /* Pods_GlobalLogic.framework in Frameworks */,
			);
			runOnlyForDeploymentPostprocessing = 0;
		};
/* End PBXFrameworksBuildPhase section */

/* Begin PBXGroup section */
		8CCEC93A205D81E000F1E469 = {
			isa = PBXGroup;
			children = (
				8CCEC945205D81E000F1E469 /* GlobalLogic */,
				8CCEC944205D81E000F1E469 /* Products */,
				FCEF9ED0FF60F760E03D9CAA /* Pods */,
				BB710922C1DB758807835134 /* Frameworks */,
			);
			sourceTree = "<group>";
		};
		8CCEC944205D81E000F1E469 /* Products */ = {
			isa = PBXGroup;
			children = (
				8CCEC943205D81E000F1E469 /* GlobalLogic.app */,
			);
			name = Products;
			sourceTree = "<group>";
		};
		8CCEC945205D81E000F1E469 /* GlobalLogic */ = {
			isa = PBXGroup;
			children = (
				8CCEC95C205D842800F1E469 /* Utils */,
				8CCEC95B205D841200F1E469 /* Controllers */,
				8CCEC958205D834F00F1E469 /* Models */,
				8CCEC946205D81E000F1E469 /* AppDelegate.swift */,
				8CCEC94A205D81E000F1E469 /* Main.storyboard */,
				8CCEC94D205D81E000F1E469 /* Assets.xcassets */,
				8CCEC94F205D81E000F1E469 /* LaunchScreen.storyboard */,
				8CCEC952205D81E000F1E469 /* Info.plist */,
			);
			path = GlobalLogic;
			sourceTree = "<group>";
		};
		8CCEC958205D834F00F1E469 /* Models */ = {
			isa = PBXGroup;
			children = (
				8CCEC959205D838300F1E469 /* DataModel.swift */,
			);
			path = Models;
			sourceTree = "<group>";
		};
		8CCEC95B205D841200F1E469 /* Controllers */ = {
			isa = PBXGroup;
			children = (
				8CE5B53C205DD54D00F7DE2F /* cells */,
				8CCEC963205DD16000F1E469 /* HomeViewController.swift */,
				8CE5B53D205DDA1800F7DE2F /* DetailViewController.swift */,
			);
			path = Controllers;
			sourceTree = "<group>";
		};
		8CCEC95C205D842800F1E469 /* Utils */ = {
			isa = PBXGroup;
			children = (
				8CCEC95D205D843B00F1E469 /* RestAPI.swift */,
				8CCEC95F205D844C00F1E469 /* Utils.swift */,
			);
			path = Utils;
			sourceTree = "<group>";
		};
		8CE5B53C205DD54D00F7DE2F /* cells */ = {
			isa = PBXGroup;
			children = (
				8CE5B53A205DD52D00F7DE2F /* CellTableViewCell.swift */,
			);
			path = cells;
			sourceTree = "<group>";
		};
		BB710922C1DB758807835134 /* Frameworks */ = {
			isa = PBXGroup;
			children = (
				98F33E0837AA85701F14E5CC /* Pods_GlobalLogic.framework */,
			);
			name = Frameworks;
			sourceTree = "<group>";
		};
		FCEF9ED0FF60F760E03D9CAA /* Pods */ = {
			isa = PBXGroup;
			children = (
				9342FC38106A79BE5FA282FD /* Pods-GlobalLogic.debug.xcconfig */,
				2AF8C136FE2E12C14F675D97 /* Pods-GlobalLogic.release.xcconfig */,
			);
			name = Pods;
			sourceTree = "<group>";
		};
/* End PBXGroup section */

/* Begin PBXNativeTarget section */
		8CCEC942205D81E000F1E469 /* GlobalLogic */ = {
			isa = PBXNativeTarget;
			buildConfigurationList = 8CCEC955205D81E000F1E469 /* Build configuration list for PBXNativeTarget "GlobalLogic" */;
			buildPhases = (
				35E6083FCE6D07DDA4599229 /* [CP] Check Pods Manifest.lock */,
				8CCEC93F205D81E000F1E469 /* Sources */,
				8CCEC940205D81E000F1E469 /* Frameworks */,
				8CCEC941205D81E000F1E469 /* Resources */,
				10FB3A738B0008CC6FF865B9 /* [CP] Embed Pods Frameworks */,
				A99C7736A65C4CB94437C2C4 /* [CP] Copy Pods Resources */,
			);
			buildRules = (
			);
			dependencies = (
			);
			name = GlobalLogic;
			productName = GlobalLogic;
			productReference = 8CCEC943205D81E000F1E469 /* GlobalLogic.app */;
			productType = "com.apple.product-type.application";
		};
/* End PBXNativeTarget section */

/* Begin PBXProject section */
		8CCEC93B205D81E000F1E469 /* Project object */ = {
			isa = PBXProject;
			attributes = {
				LastSwiftUpdateCheck = 0920;
				LastUpgradeCheck = 0920;
				ORGANIZATIONNAME = "Alejandro  Rodriguez";
				TargetAttributes = {
					8CCEC942205D81E000F1E469 = {
						CreatedOnToolsVersion = 9.2;
						ProvisioningStyle = Automatic;
					};
				};
			};
			buildConfigurationList = 8CCEC93E205D81E000F1E469 /* Build configuration list for PBXProject "GlobalLogic" */;
			compatibilityVersion = "Xcode 8.0";
			developmentRegion = en;
			hasScannedForEncodings = 0;
			knownRegions = (
				en,
				Base,
			);
			mainGroup = 8CCEC93A205D81E000F1E469;
			productRefGroup = 8CCEC944205D81E000F1E469 /* Products */;
			projectDirPath = "";
			projectRoot = "";
			targets = (
				8CCEC942205D81E000F1E469 /* GlobalLogic */,
			);
		};
/* End PBXProject section */

/* Begin PBXResourcesBuildPhase section */
		8CCEC941205D81E000F1E469 /* Resources */ = {
			isa = PBXResourcesBuildPhase;
			buildActionMask = 2147483647;
			files = (
				8CCEC951205D81E000F1E469 /* LaunchScreen.storyboard in Resources */,
				8CCEC94E205D81E000F1E469 /* Assets.xcassets in Resources */,
				8CCEC94C205D81E000F1E469 /* Main.storyboard in Resources */,
			);
			runOnlyForDeploymentPostprocessing = 0;
		};
/* End PBXResourcesBuildPhase section */

/* Begin PBXShellScriptBuildPhase section */
		10FB3A738B0008CC6FF865B9 /* [CP] Embed Pods Frameworks */ = {
			isa = PBXShellScriptBuildPhase;
			buildActionMask = 2147483647;
			files = (
			);
			inputPaths = (
				"${SRCROOT}/Pods/Target Support Files/Pods-GlobalLogic/Pods-GlobalLogic-frameworks.sh",
				"${BUILT_PRODUCTS_DIR}/Alamofire/Alamofire.framework",
				"${BUILT_PRODUCTS_DIR}/AlamofireObjectMapper/AlamofireObjectMapper.framework",
				"${BUILT_PRODUCTS_DIR}/ObjectMapper/ObjectMapper.framework",
			);
			name = "[CP] Embed Pods Frameworks";
			outputPaths = (
				"${TARGET_BUILD_DIR}/${FRAMEWORKS_FOLDER_PATH}/Alamofire.framework",
				"${TARGET_BUILD_DIR}/${FRAMEWORKS_FOLDER_PATH}/AlamofireObjectMapper.framework",
				"${TARGET_BUILD_DIR}/${FRAMEWORKS_FOLDER_PATH}/ObjectMapper.framework",
			);
			runOnlyForDeploymentPostprocessing = 0;
			shellPath = /bin/sh;
			shellScript = "\"${SRCROOT}/Pods/Target Support Files/Pods-GlobalLogic/Pods-GlobalLogic-frameworks.sh\"\n";
			showEnvVarsInLog = 0;
		};
		35E6083FCE6D07DDA4599229 /* [CP] Check Pods Manifest.lock */ = {
			isa = PBXShellScriptBuildPhase;
			buildActionMask = 2147483647;
			files = (
			);
			inputPaths = (
				"${PODS_PODFILE_DIR_PATH}/Podfile.lock",
				"${PODS_ROOT}/Manifest.lock",
			);
			name = "[CP] Check Pods Manifest.lock";
			outputPaths = (
				"$(DERIVED_FILE_DIR)/Pods-GlobalLogic-checkManifestLockResult.txt",
			);
			runOnlyForDeploymentPostprocessing = 0;
			shellPath = /bin/sh;
			shellScript = "diff \"${PODS_PODFILE_DIR_PATH}/Podfile.lock\" \"${PODS_ROOT}/Manifest.lock\" > /dev/null\nif [ $? != 0 ] ; then\n    # print error to STDERR\n    echo \"error: The sandbox is not in sync with the Podfile.lock. Run 'pod install' or update your CocoaPods installation.\" >&2\n    exit 1\nfi\n# This output is used by Xcode 'outputs' to avoid re-running this script phase.\necho \"SUCCESS\" > \"${SCRIPT_OUTPUT_FILE_0}\"\n";
			showEnvVarsInLog = 0;
		};
		A99C7736A65C4CB94437C2C4 /* [CP] Copy Pods Resources */ = {
			isa = PBXShellScriptBuildPhase;
			buildActionMask = 2147483647;
			files = (
			);
			inputPaths = (
			);
			name = "[CP] Copy Pods Resources";
			outputPaths = (
			);
			runOnlyForDeploymentPostprocessing = 0;
			shellPath = /bin/sh;
			shellScript = "\"${SRCROOT}/Pods/Target Support Files/Pods-GlobalLogic/Pods-GlobalLogic-resources.sh\"\n";
			showEnvVarsInLog = 0;
		};
/* End PBXShellScriptBuildPhase section */

/* Begin PBXSourcesBuildPhase section */
		8CCEC93F205D81E000F1E469 /* Sources */ = {
			isa = PBXSourcesBuildPhase;
			buildActionMask = 2147483647;
			files = (
				8CCEC960205D844C00F1E469 /* Utils.swift in Sources */,
				8CCEC95E205D843B00F1E469 /* RestAPI.swift in Sources */,
				8CCEC947205D81E000F1E469 /* AppDelegate.swift in Sources */,
				8CCEC95A205D838300F1E469 /* DataModel.swift in Sources */,
				8CCEC964205DD16000F1E469 /* HomeViewController.swift in Sources */,
				8CE5B53B205DD52D00F7DE2F /* CellTableViewCell.swift in Sources */,
				8CE5B53E205DDA1800F7DE2F /* DetailViewController.swift in Sources */,
			);
			runOnlyForDeploymentPostprocessing = 0;
		};
/* End PBXSourcesBuildPhase section */

/* Begin PBXVariantGroup section */
		8CCEC94A205D81E000F1E469 /* Main.storyboard */ = {
			isa = PBXVariantGroup;
			children = (
				8CCEC94B205D81E000F1E469 /* Base */,
			);
			name = Main.storyboard;
			sourceTree = "<group>";
		};
		8CCEC94F205D81E000F1E469 /* LaunchScreen.storyboard */ = {
			isa = PBXVariantGroup;
			children = (
				8CCEC950205D81E000F1E469 /* Base */,
			);
			name = LaunchScreen.storyboard;
			sourceTree = "<group>";
		};
/* End PBXVariantGroup section */

/* Begin XCBuildConfiguration section */
		8CCEC953205D81E000F1E469 /* Debug */ = {
			isa = XCBuildConfiguration;
			buildSettings = {
				ALWAYS_SEARCH_USER_PATHS = NO;
				CLANG_ANALYZER_NONNULL = YES;
				CLANG_ANALYZER_NUMBER_OBJECT_CONVERSION = YES_AGGRESSIVE;
				CLANG_CXX_LANGUAGE_STANDARD = "gnu++14";
				CLANG_CXX_LIBRARY = "libc++";
				CLANG_ENABLE_MODULES = YES;
				CLANG_ENABLE_OBJC_ARC = YES;
				CLANG_WARN_BLOCK_CAPTURE_AUTORELEASING = YES;
				CLANG_WARN_BOOL_CONVERSION = YES;
				CLANG_WARN_COMMA = YES;
				CLANG_WARN_CONSTANT_CONVERSION = YES;
				CLANG_WARN_DIRECT_OBJC_ISA_USAGE = YES_ERROR;
				CLANG_WARN_DOCUMENTATION_COMMENTS = YES;
				CLANG_WARN_EMPTY_BODY = YES;
				CLANG_WARN_ENUM_CONVERSION = YES;
				CLANG_WARN_INFINITE_RECURSION = YES;
				CLANG_WARN_INT_CONVERSION = YES;
				CLANG_WARN_NON_LITERAL_NULL_CONVERSION = YES;
				CLANG_WARN_OBJC_LITERAL_CONVERSION = YES;
				CLANG_WARN_OBJC_ROOT_CLASS = YES_ERROR;
				CLANG_WARN_RANGE_LOOP_ANALYSIS = YES;
				CLANG_WARN_STRICT_PROTOTYPES = YES;
				CLANG_WARN_SUSPICIOUS_MOVE = YES;
				CLANG_WARN_UNGUARDED_AVAILABILITY = YES_AGGRESSIVE;
				CLANG_WARN_UNREACHABLE_CODE = YES;
				CLANG_WARN__DUPLICATE_METHOD_MATCH = YES;
				CODE_SIGN_IDENTITY = "iPhone Developer";
				COPY_PHASE_STRIP = NO;
				DEBUG_INFORMATION_FORMAT = dwarf;
				ENABLE_STRICT_OBJC_MSGSEND = YES;
				ENABLE_TESTABILITY = YES;
				GCC_C_LANGUAGE_STANDARD = gnu11;
				GCC_DYNAMIC_NO_PIC = NO;
				GCC_NO_COMMON_BLOCKS = YES;
				GCC_OPTIMIZATION_LEVEL = 0;
				GCC_PREPROCESSOR_DEFINITIONS = (
					"DEBUG=1",
					"$(inherited)",
				);
				GCC_WARN_64_TO_32_BIT_CONVERSION = YES;
				GCC_WARN_ABOUT_RETURN_TYPE = YES_ERROR;
				GCC_WARN_UNDECLARED_SELECTOR = YES;
				GCC_WARN_UNINITIALIZED_AUTOS = YES_AGGRESSIVE;
				GCC_WARN_UNUSED_FUNCTION = YES;
				GCC_WARN_UNUSED_VARIABLE = YES;
				IPHONEOS_DEPLOYMENT_TARGET = 11.2;
				MTL_ENABLE_DEBUG_INFO = YES;
				ONLY_ACTIVE_ARCH = YES;
				SDKROOT = iphoneos;
				SWIFT_ACTIVE_COMPILATION_CONDITIONS = DEBUG;
				SWIFT_OPTIMIZATION_LEVEL = "-Onone";
			};
			name = Debug;
		};
		8CCEC954205D81E000F1E469 /* Release */ = {
			isa = XCBuildConfiguration;
			buildSettings = {
				ALWAYS_SEARCH_USER_PATHS = NO;
				CLANG_ANALYZER_NONNULL = YES;
				CLANG_ANALYZER_NUMBER_OBJECT_CONVERSION = YES_AGGRESSIVE;
				CLANG_CXX_LANGUAGE_STANDARD = "gnu++14";
				CLANG_CXX_LIBRARY = "libc++";
				CLANG_ENABLE_MODULES = YES;
				CLANG_ENABLE_OBJC_ARC = YES;
				CLANG_WARN_BLOCK_CAPTURE_AUTORELEASING = YES;
				CLANG_WARN_BOOL_CONVERSION = YES;
				CLANG_WARN_COMMA = YES;
				CLANG_WARN_CONSTANT_CONVERSION = YES;
				CLANG_WARN_DIRECT_OBJC_ISA_USAGE = YES_ERROR;
				CLANG_WARN_DOCUMENTATION_COMMENTS = YES;
				CLANG_WARN_EMPTY_BODY = YES;
				CLANG_WARN_ENUM_CONVERSION = YES;
				CLANG_WARN_INFINITE_RECURSION = YES;
				CLANG_WARN_INT_CONVERSION = YES;
				CLANG_WARN_NON_LITERAL_NULL_CONVERSION = YES;
				CLANG_WARN_OBJC_LITERAL_CONVERSION = YES;
				CLANG_WARN_OBJC_ROOT_CLASS = YES_ERROR;
				CLANG_WARN_RANGE_LOOP_ANALYSIS = YES;
				CLANG_WARN_STRICT_PROTOTYPES = YES;
				CLANG_WARN_SUSPICIOUS_MOVE = YES;
				CLANG_WARN_UNGUARDED_AVAILABILITY = YES_AGGRESSIVE;
				CLANG_WARN_UNREACHABLE_CODE = YES;
				CLANG_WARN__DUPLICATE_METHOD_MATCH = YES;
				CODE_SIGN_IDENTITY = "iPhone Developer";
				COPY_PHASE_STRIP = NO;
				DEBUG_INFORMATION_FORMAT = "dwarf-with-dsym";
				ENABLE_NS_ASSERTIONS = NO;
				ENABLE_STRICT_OBJC_MSGSEND = YES;
				GCC_C_LANGUAGE_STANDARD = gnu11;
				GCC_NO_COMMON_BLOCKS = YES;
				GCC_WARN_64_TO_32_BIT_CONVERSION = YES;
				GCC_WARN_ABOUT_RETURN_TYPE = YES_ERROR;
				GCC_WARN_UNDECLARED_SELECTOR = YES;
				GCC_WARN_UNINITIALIZED_AUTOS = YES_AGGRESSIVE;
				GCC_WARN_UNUSED_FUNCTION = YES;
				GCC_WARN_UNUSED_VARIABLE = YES;
				IPHONEOS_DEPLOYMENT_TARGET = 11.2;
				MTL_ENABLE_DEBUG_INFO = NO;
				SDKROOT = iphoneos;
				SWIFT_OPTIMIZATION_LEVEL = "-Owholemodule";
				VALIDATE_PRODUCT = YES;
			};
			name = Release;
		};
		8CCEC956205D81E000F1E469 /* Debug */ = {
			isa = XCBuildConfiguration;
			baseConfigurationReference = 9342FC38106A79BE5FA282FD /* Pods-GlobalLogic.debug.xcconfig */;
			buildSettings = {
				ASSETCATALOG_COMPILER_APPICON_NAME = AppIcon;
				CODE_SIGN_STYLE = Automatic;
				DEVELOPMENT_TEAM = 46N6L5J7E4;
				INFOPLIST_FILE = GlobalLogic/Info.plist;
				LD_RUNPATH_SEARCH_PATHS = "$(inherited) @executable_path/Frameworks";
				PRODUCT_BUNDLE_IDENTIFIER = com.RSDEV.GlobalLogic;
				PRODUCT_NAME = "$(TARGET_NAME)";
				SWIFT_VERSION = 4.0;
				TARGETED_DEVICE_FAMILY = "1,2";
			};
			name = Debug;
		};
		8CCEC957205D81E000F1E469 /* Release */ = {
			isa = XCBuildConfiguration;
			baseConfigurationReference = 2AF8C136FE2E12C14F675D97 /* Pods-GlobalLogic.release.xcconfig */;
			buildSettings = {
				ASSETCATALOG_COMPILER_APPICON_NAME = AppIcon;
				CODE_SIGN_STYLE = Automatic;
				DEVELOPMENT_TEAM = 46N6L5J7E4;
				INFOPLIST_FILE = GlobalLogic/Info.plist;
				LD_RUNPATH_SEARCH_PATHS = "$(inherited) @executable_path/Frameworks";
				PRODUCT_BUNDLE_IDENTIFIER = com.RSDEV.GlobalLogic;
				PRODUCT_NAME = "$(TARGET_NAME)";
				SWIFT_VERSION = 4.0;
				TARGETED_DEVICE_FAMILY = "1,2";
			};
			name = Release;
		};
/* End XCBuildConfiguration section */

/* Begin XCConfigurationList section */
		8CCEC93E205D81E000F1E469 /* Build configuration list for PBXProject "GlobalLogic" */ = {
			isa = XCConfigurationList;
			buildConfigurations = (
				8CCEC953205D81E000F1E469 /* Debug */,
				8CCEC954205D81E000F1E469 /* Release */,
			);
			defaultConfigurationIsVisible = 0;
			defaultConfigurationName = Release;
		};
		8CCEC955205D81E000F1E469 /* Build configuration list for PBXNativeTarget "GlobalLogic" */ = {
			isa = XCConfigurationList;
			buildConfigurations = (
				8CCEC956205D81E000F1E469 /* Debug */,
				8CCEC957205D81E000F1E469 /* Release */,
			);
			defaultConfigurationIsVisible = 0;
			defaultConfigurationName = Release;
		};
/* End XCConfigurationList section */
	};
	rootObject = 8CCEC93B205D81E000F1E469 /* Project object */;
}
